
Microsoft Visual Studio Solution File, Format Version 12.00
# Visual Studio Version 17
VisualStudioVersion = 17.4.33110.190
MinimumVisualStudioVersion = 10.0.40219.1
Project("{FAE04EC0-301F-11D3-BF4B-00C04F79EFBC}") = "ajandaProjesi", "ajandaProjesi\ajandaProjesi.csproj", "{17D2AA97-79AD-4284-8261-C83A4310214B}"
EndProject
Global
	GlobalSection(SolutionConfigurationPlatforms) = preSolution
		Debug|Any CPU = Debug|Any CPU
		Release|Any CPU = Release|Any CPU
	EndGlobalSection
	GlobalSection(ProjectConfigurationPlatforms) = postSolution
		{17D2AA97-79AD-4284-8261-C83A4310214B}.Debug|Any CPU.ActiveCfg = Debug|Any CPU
		{17D2AA97-79AD-4284-8261-C83A4310214B}.Debug|Any CPU.Build.0 = Debug|Any CPU
		{17D2AA97-79AD-4284-8261-C83A4310214B}.Release|Any CPU.ActiveCfg = Release|Any CPU
		{17D2AA97-79AD-4284-8261-C83A4310214B}.Release|Any CPU.Build.0 = Release|Any CPU
	EndGlobalSection
	GlobalSection(SolutionProperties) = preSolution
		HideSolutionNode = FALSE
	EndGlobalSection
	GlobalSection(ExtensibilityGlobals) = postSolution
		SolutionGuid = {658DFDC2-BCEC-4C41-B1CF-276B50DC64BC}
	EndGlobalSection
EndGlobal
